
Microsoft Visual Studio Solution File, Format Version 12.00
# Visual Studio 15
VisualStudioVersion = 15.0.28307.489
MinimumVisualStudioVersion = 10.0.40219.1
Project("{FAE04EC0-301F-11D3-BF4B-00C04F79EFBC}") = "ServicioInventario", "ServicioInventario\ServicioInventario.csproj", "{86CD25A4-B86A-4F5B-A746-C5593F5413AB}"
EndProject
Global
	GlobalSection(SolutionConfigurationPlatforms) = preSolution
		Debug|Any CPU = Debug|Any CPU
		Release|Any CPU = Release|Any CPU
	EndGlobalSection
	GlobalSection(ProjectConfigurationPlatforms) = postSolution
		{86CD25A4-B86A-4F5B-A746-C5593F5413AB}.Debug|Any CPU.ActiveCfg = Debug|Any CPU
		{86CD25A4-B86A-4F5B-A746-C5593F5413AB}.Debug|Any CPU.Build.0 = Debug|Any CPU
		{86CD25A4-B86A-4F5B-A746-C5593F5413AB}.Release|Any CPU.ActiveCfg = Release|Any CPU
		{86CD25A4-B86A-4F5B-A746-C5593F5413AB}.Release|Any CPU.Build.0 = Release|Any CPU
	EndGlobalSection
	GlobalSection(SolutionProperties) = preSolution
		HideSolutionNode = FALSE
	EndGlobalSection
	GlobalSection(ExtensibilityGlobals) = postSolution
		SolutionGuid = {A31F017F-0342-4F3F-88BE-F556766772EB}
	EndGlobalSection
EndGlobal
